<?xml version="1.0" encoding="utf-8"?>
<Project ToolsVersion="4.0" xmlns="http://schemas.microsoft.com/developer/msbuild/2003">
  <ItemGroup>
    <Filter Include="Source Files">
      <UniqueIdentifier>{4FC737F1-C7A5-4376-A066-2A32D752A2FF}</UniqueIdentifier>
      <Extensions>cpp;c;cc;cxx;def;odl;idl;hpj;bat;asm;asmx</Extensions>
    </Filter>
    <Filter Include="Header Files">
      <UniqueIdentifier>{93995380-89BD-4b04-88EB-625FBE52EBFB}</UniqueIdentifier>
      <Extensions>h;hh;hpp;hxx;hm;inl;inc;xsd</Extensions>
    </Filter>
    <Filter Include="Resource Files">
      <UniqueIdentifier>{67DA6AB6-F800-4c08-8B7A-83BB121AAD01}</UniqueIdentifier>
      <Extensions>rc;ico;cur;bmp;dlg;rc2;rct;bin;rgs;gif;jpg;jpeg;jpe;resx;tiff;tif;png;wav;mfcribbon-ms</Extensions>
    </Filter>
  </ItemGroup>
  <ItemGroup>
    <ClInclude Include="..\..\wolfssl-3.15.7\config.h">
      <Filter>Header Files</Filter>
    </ClInclude>
    <ClInclude Include="..\..\wolfssl-3.15.7\wolfssl\wolfio.h">
      <Filter>Header Files</Filter>
    </ClInclude>
    <ClInclude Include="..\..\wolfssl-3.15.7\user_settings.h">
      <Filter>Header Files</Filter>
    </ClInclude>
    <ClInclude Include="..\..\wolfssl-3.15.7\wolfssl\test.h">
      <Filter>Header Files</Filter>
    </ClInclude>
    <ClInclude Include="..\..\wolfssl-3.15.7\wolfssl\openssl\ssl.h">
      <Filter>Header Files</Filter>
    </ClInclude>
    <ClInclude Include="..\..\wolfssl-3.15.7\wolfssl\openssl\bn.h">
      <Filter>Header Files</Filter>
    </ClInclude>
    <ClInclude Include="..\..\wolfssl-3.15.7\wolfssl\openssl\evp.h">
      <Filter>Header Files</Filter>
    </ClInclude>
    <ClInclude Include="..\..\wolfssl-3.15.7\wolfssl\openssl\rsa.h">
      <Filter>Header Files</Filter>
    </ClInclude>
    <ClInclude Include="..\..\wolfssl-3.15.7\wolfssl\openssl\md5.h">
      <Filter>Header Files</Filter>
    </ClInclude>
    <ClInclude Include="..\..\wolfssl-3.15.7\wolfssl\openssl\des.h">
      <Filter>Header Files</Filter>
    </ClInclude>
    <ClInclude Include="..\..\wolfssl-3.15.7\wolfssl\openssl\sha.h">
      <Filter>Header Files</Filter>
    </ClInclude>
    <ClInclude Include="..\..\wolfssl-3.15.7\wolfssl\openssl\hmac.h">
      <Filter>Header Files</Filter>
    </ClInclude>
    <ClInclude Include="..\..\wolfssl-3.15.7\wolfssl\error-ssl.h">
      <Filter>Header Files</Filter>
    </ClInclude>
    <ClInclude Include="..\..\wolfssl-3.15.7\wolfssl\internal.h">
      <Filter>Header Files</Filter>
    </ClInclude>
    <ClInclude Include="..\..\wolfssl-3.15.7\wolfssl\version.h">
      <Filter>Header Files</Filter>
    </ClInclude>
    <ClInclude Include="..\..\wolfssl-3.15.7\wolfssl\wolfcrypt\dsa.h">
      <Filter>Header Files</Filter>
    </ClInclude>
    <ClInclude Include="..\..\wolfssl-3.15.7\wolfssl\wolfcrypt\ed25519.h">
      <Filter>Header Files</Filter>
    </ClInclude>
    <ClInclude Include="..\..\wolfssl-3.15.7\wolfssl\wolfcrypt\sha512.h">
      <Filter>Header Files</Filter>
    </ClInclude>
    <ClInclude Include="..\..\wolfssl-3.15.7\wolfssl\wolfcrypt\misc.h">
      <Filter>Header Files</Filter>
    </ClInclude>
    <ClInclude Include="..\..\wolfssl-3.15.7\wolfssl\wolfcrypt\curve25519.h">
      <Filter>Header Files</Filter>
    </ClInclude>
    <ClInclude Include="..\..\wolfssl-3.15.7\wolfssl\wolfcrypt\arc4.h">
      <Filter>Header Files</Filter>
    </ClInclude>
    <ClInclude Include="..\..\wolfssl-3.15.7\wolfssl\wolfcrypt\mpi_superclass.h">
      <Filter>Header Files</Filter>
    </ClInclude>
    <ClInclude Include="..\..\wolfssl-3.15.7\wolfssl\wolfcrypt\error-crypt.h">
      <Filter>Header Files</Filter>
    </ClInclude>
    <ClInclude Include="..\..\wolfssl-3.15.7\wolfssl\wolfcrypt\visibility.h">
      <Filter>Header Files</Filter>
    </ClInclude>
    <ClInclude Include="..\..\wolfssl-3.15.7\wolfssl\wolfcrypt\hc128.h">
      <Filter>Header Files</Filter>
    </ClInclude>
    <ClInclude Include="..\..\wolfssl-3.15.7\wolfssl\wolfcrypt\md4.h">
      <Filter>Header Files</Filter>
    </ClInclude>
    <ClInclude Include="..\..\wolfssl-3.15.7\wolfssl\wolfcrypt\md5.h">
      <Filter>Header Files</Filter>
    </ClInclude>
    <ClInclude Include="..\..\wolfssl-3.15.7\wolfssl\wolfcrypt\md2.h">
      <Filter>Header Files</Filter>
    </ClInclude>
    <ClInclude Include="..\..\wolfssl-3.15.7\wolfssl\wolfcrypt\wolfmath.h">
      <Filter>Header Files</Filter>
    </ClInclude>
    <ClInclude Include="..\..\wolfssl-3.15.7\wolfssl\wolfcrypt\random.h">
      <Filter>Header Files</Filter>
    </ClInclude>
    <ClInclude Include="..\..\wolfssl-3.15.7\wolfssl\wolfcrypt\asn_public.h">
      <Filter>Header Files</Filter>
    </ClInclude>
    <ClInclude Include="..\..\wolfssl-3.15.7\wolfssl\wolfcrypt\ripemd.h">
      <Filter>Header Files</Filter>
    </ClInclude>
    <ClInclude Include="..\..\wolfssl-3.15.7\wolfssl\wolfcrypt\sha.h">
      <Filter>Header Files</Filter>
    </ClInclude>
    <ClInclude Include="..\..\wolfssl-3.15.7\wolfssl\wolfcrypt\mpi_class.h">
      <Filter>Header Files</Filter>
    </ClInclude>
    <ClInclude Include="..\..\wolfssl-3.15.7\wolfssl\wolfcrypt\memory.h">
      <Filter>Header Files</Filter>
    </ClInclude>
    <ClInclude Include="..\..\wolfssl-3.15.7\wolfssl\wolfcrypt\types.h">
      <Filter>Header Files</Filter>
    </ClInclude>
    <ClInclude Include="..\..\wolfssl-3.15.7\wolfssl\wolfcrypt\coding.h">
      <Filter>Header Files</Filter>
    </ClInclude>
    <ClInclude Include="..\..\wolfssl-3.15.7\wolfssl\wolfcrypt\pkcs12.h">
      <Filter>Header Files</Filter>
    </ClInclude>
    <ClInclude Include="..\..\wolfssl-3.15.7\wolfssl\wolfcrypt\rabbit.h">
      <Filter>Header Files</Filter>
    </ClInclude>
    <ClInclude Include="..\..\wolfssl-3.15.7\wolfssl\wolfcrypt\idea.h">
      <Filter>Header Files</Filter>
    </ClInclude>
    <ClInclude Include="..\..\wolfssl-3.15.7\wolfssl\wolfcrypt\settings.h">
      <Filter>Header Files</Filter>
    </ClInclude>
    <ClInclude Include="..\..\wolfssl-3.15.7\wolfssl\wolfcrypt\des3.h">
      <Filter>Header Files</Filter>
    </ClInclude>
    <ClInclude Include="..\..\wolfssl-3.15.7\wolfssl\wolfcrypt\integer.h">
      <Filter>Header Files</Filter>
    </ClInclude>
    <ClInclude Include="..\..\wolfssl-3.15.7\wolfssl\wolfcrypt\dh.h">
      <Filter>Header Files</Filter>
    </ClInclude>
    <ClInclude Include="..\..\wolfssl-3.15.7\wolfssl\wolfcrypt\pwdbased.h">
      <Filter>Header Files</Filter>
    </ClInclude>
    <ClInclude Include="..\..\wolfssl-3.15.7\wolfssl\wolfcrypt\logging.h">
      <Filter>Header Files</Filter>
    </ClInclude>
    <ClInclude Include="..\..\wolfssl-3.15.7\wolfssl\wolfcrypt\rsa.h">
      <Filter>Header Files</Filter>
    </ClInclude>
    <ClInclude Include="..\..\wolfssl-3.15.7\wolfssl\wolfcrypt\hash.h">
      <Filter>Header Files</Filter>
    </ClInclude>
    <ClInclude Include="..\..\wolfssl-3.15.7\wolfssl\wolfcrypt\asn.h">
      <Filter>Header Files</Filter>
    </ClInclude>
    <ClInclude Include="..\..\wolfssl-3.15.7\wolfssl\wolfcrypt\wc_encrypt.h">
      <Filter>Header Files</Filter>
    </ClInclude>
    <ClInclude Include="..\..\wolfssl-3.15.7\wolfssl\wolfcrypt\wc_port.h">
      <Filter>Header Files</Filter>
    </ClInclude>
    <ClInclude Include="..\..\wolfssl-3.15.7\wolfssl\wolfcrypt\aes.h">
      <Filter>Header Files</Filter>
    </ClInclude>
    <ClInclude Include="..\..\wolfssl-3.15.7\wolfssl\wolfcrypt\sha256.h">
      <Filter>Header Files</Filter>
    </ClInclude>
    <ClInclude Include="..\..\wolfssl-3.15.7\wolfssl\wolfcrypt\hmac.h">
      <Filter>Header Files</Filter>
    </ClInclude>
    <ClInclude Include="..\..\wolfssl-3.15.7\wolfssl\ssl.h">
      <Filter>Header Files</Filter>
    </ClInclude>
    <ClInclude Include="..\..\wolfssl-3.15.7\cyassl\error-ssl.h">
      <Filter>Header Files</Filter>
    </ClInclude>
    <ClInclude Include="..\..\wolfssl-3.15.7\cyassl\ctaocrypt\sha256.h">
      <Filter>Header Files</Filter>
    </ClInclude>
    <ClInclude Include="..\..\wolfssl-3.15.7\cyassl\version.h">
      <Filter>Header Files</Filter>
    </ClInclude>
    <ClInclude Include="..\..\wolfssl-3.15.7\cyassl\ctaocrypt\visibility.h">
      <Filter>Header Files</Filter>
    </ClInclude>
    <ClInclude Include="..\..\wolfssl-3.15.7\cyassl\ctaocrypt\types.h">
      <Filter>Header Files</Filter>
    </ClInclude>
    <ClInclude Include="..\..\wolfssl-3.15.7\cyassl\ctaocrypt\random.h">
      <Filter>Header Files</Filter>
    </ClInclude>
    <ClInclude Include="..\..\wolfssl-3.15.7\cyassl\ctaocrypt\settings.h">
      <Filter>Header Files</Filter>
    </ClInclude>
    <ClInclude Include="..\..\wolfssl-3.15.7\cyassl\ctaocrypt\settings_comp.h">
      <Filter>Header Files</Filter>
    </ClInclude>
    <ClInclude Include="..\..\wolfssl-3.15.7\cyassl\ctaocrypt\wc_port.h">
      <Filter>Header Files</Filter>
    </ClInclude>
    <ClInclude Include="..\..\wolfssl-3.15.7\cyassl\ssl.h">
      <Filter>Header Files</Filter>
    </ClInclude>
    <ClInclude Include="..\..\wolfssl-3.15.7\cyassl\openssl\ssl.h">
      <Filter>Header Files</Filter>
    </ClInclude>
    <ClInclude Include="..\..\wolfssl-3.15.7\wolfssl\wolfcrypt\cpuid.h">
      <Filter>Header Files</Filter>
    </ClInclude>
    <ClInclude Include="..\..\wolfssl-3.15.7\wolfssl\wolfcrypt\ecc.h">
      <Filter>Header Files</Filter>
    </ClInclude>
    <ClInclude Include="..\..\wolfssl-3.15.7\wolfssl\openssl\crypto.h">
      <Filter>Header Files</Filter>
    </ClInclude>
    <ClInclude Include="..\..\wolfssl-3.15.7\wolfssl\openssl\dsa.h">
      <Filter>Header Files</Filter>
    </ClInclude>
    <ClInclude Include="..\..\wolfssl-3.15.7\wolfssl\openssl\ec.h">
      <Filter>Header Files</Filter>
    </ClInclude>
    <ClInclude Include="..\..\wolfssl-3.15.7\wolfssl\openssl\ecdsa.h">
      <Filter>Header Files</Filter>
    </ClInclude>
    <ClInclude Include="..\..\wolfssl-3.15.7\wolfssl\openssl\ocsp.h">
      <Filter>Header Files</Filter>
    </ClInclude>
    <ClInclude Include="..\..\wolfssl-3.15.7\wolfssl\openssl\opensslv.h">
      <Filter>Header Files</Filter>
    </ClInclude>
    <ClInclude Include="..\..\wolfssl-3.15.7\wolfssl\openssl\pem.h">
      <Filter>Header Files</Filter>
    </ClInclude>
    <ClInclude Include="..\..\wolfssl-3.15.7\wolfssl\openssl\bio.h">
      <Filter>Header Files</Filter>
    </ClInclude>
    <ClInclude Include="..\..\wolfssl-3.15.7\wolfssl\openssl\conf.h">
      <Filter>Header Files</Filter>
    </ClInclude>
    <ClInclude Include="..\..\wolfssl-3.15.7\wolfssl\openssl\dh.h">
      <Filter>Header Files</Filter>
    </ClInclude>
    <ClInclude Include="..\..\wolfssl-3.15.7\wolfssl\openssl\ec25519.h">
      <Filter>Header Files</Filter>
    </ClInclude>
    <ClInclude Include="..\..\wolfssl-3.15.7\wolfssl\openssl\ecdh.h">
      <Filter>Header Files</Filter>
    </ClInclude>
    <ClInclude Include="..\..\wolfssl-3.15.7\wolfssl\openssl\ed25519.h">
      <Filter>Header Files</Filter>
    </ClInclude>
    <ClInclude Include="..\..\wolfssl-3.15.7\wolfssl\openssl\err.h">
      <Filter>Header Files</Filter>
    </ClInclude>
    <ClInclude Include="..\..\wolfssl-3.15.7\wolfssl\openssl\rand.h">
      <Filter>Header Files</Filter>
    </ClInclude>
    <ClInclude Include="..\..\wolfssl-3.15.7\wolfssl\openssl\ripemd.h">
      <Filter>Header Files</Filter>
    </ClInclude>
    <ClInclude Include="..\..\wolfssl-3.15.7\wolfssl\openssl\ui.h">
      <Filter>Header Files</Filter>
    </ClInclude>
    <ClInclude Include="..\..\wolfssl-3.15.7\wolfssl\openssl\x509v3.h">
      <Filter>Header Files</Filter>
    </ClInclude>
    <ClInclude Include="..\..\wolfssl-3.15.7\wolfssl\wolfcrypt\chacha.h">
      <Filter>Header Files</Filter>
    </ClInclude>
    <ClInclude Include="..\..\wolfssl-3.15.7\wolfssl\openssl\md4.h">
      <Filter>Header Files</Filter>
    </ClInclude>
  </ItemGroup>
  <ItemGroup>
    <ClCompile Include="..\..\wolfssl-3.15.7\src\internal.c">
      <Filter>Source Files</Filter>
    </ClCompile>
    <ClCompile Include="..\..\wolfssl-3.15.7\wolfcrypt\src\asn.c">
      <Filter>Source Files</Filter>
    </ClCompile>
    <ClCompile Include="..\..\wolfssl-3.15.7\wolfcrypt\src\aes.c">
      <Filter>Source Files</Filter>
    </ClCompile>
    <ClCompile Include="..\..\wolfssl-3.15.7\wolfcrypt\src\arc4.c">
      <Filter>Source Files</Filter>
    </ClCompile>
    <ClCompile Include="..\..\wolfssl-3.15.7\wolfcrypt\src\coding.c">
      <Filter>Source Files</Filter>
    </ClCompile>
    <ClCompile Include="..\..\wolfssl-3.15.7\src\crl.c">
      <Filter>Source Files</Filter>
    </ClCompile>
    <ClCompile Include="..\..\wolfssl-3.15.7\wolfcrypt\src\des3.c">
      <Filter>Source Files</Filter>
    </ClCompile>
    <ClCompile Include="..\..\wolfssl-3.15.7\wolfcrypt\src\dh.c">
      <Filter>Source Files</Filter>
    </ClCompile>
    <ClCompile Include="..\..\wolfssl-3.15.7\wolfcrypt\src\dsa.c">
      <Filter>Source Files</Filter>
    </ClCompile>
    <ClCompile Include="..\..\wolfssl-3.15.7\wolfcrypt\src\ecc.c">
      <Filter>Source Files</Filter>
    </ClCompile>
    <ClCompile Include="..\..\wolfssl-3.15.7\wolfcrypt\src\error.c">
      <Filter>Source Files</Filter>
    </ClCompile>
    <ClCompile Include="..\..\wolfssl-3.15.7\wolfcrypt\src\hash.c">
      <Filter>Source Files</Filter>
    </ClCompile>
    <ClCompile Include="..\..\wolfssl-3.15.7\wolfcrypt\src\hmac.c">
      <Filter>Source Files</Filter>
    </ClCompile>
    <ClCompile Include="..\..\wolfssl-3.15.7\wolfcrypt\src\integer.c">
      <Filter>Source Files</Filter>
    </ClCompile>
    <ClCompile Include="..\..\wolfssl-3.15.7\src\keys.c">
      <Filter>Source Files</Filter>
    </ClCompile>
    <ClCompile Include="..\..\wolfssl-3.15.7\wolfcrypt\src\logging.c">
      <Filter>Source Files</Filter>
    </ClCompile>
    <ClCompile Include="..\..\wolfssl-3.15.7\wolfcrypt\src\md5.c">
      <Filter>Source Files</Filter>
    </ClCompile>
    <ClCompile Include="..\..\wolfssl-3.15.7\wolfcrypt\src\memory.c">
      <Filter>Source Files</Filter>
    </ClCompile>
    <ClCompile Include="..\..\wolfssl-3.15.7\wolfcrypt\src\misc.c">
      <Filter>Source Files</Filter>
    </ClCompile>
    <ClCompile Include="..\..\wolfssl-3.15.7\src\ocsp.c">
      <Filter>Source Files</Filter>
    </ClCompile>
    <ClCompile Include="..\..\wolfssl-3.15.7\wolfcrypt\src\pwdbased.c">
      <Filter>Source Files</Filter>
    </ClCompile>
    <ClCompile Include="..\..\wolfssl-3.15.7\wolfcrypt\src\random.c">
      <Filter>Source Files</Filter>
    </ClCompile>
    <ClCompile Include="..\..\wolfssl-3.15.7\wolfcrypt\src\rsa.c">
      <Filter>Source Files</Filter>
    </ClCompile>
    <ClCompile Include="..\..\wolfssl-3.15.7\wolfcrypt\src\sha.c">
      <Filter>Source Files</Filter>
    </ClCompile>
    <ClCompile Include="..\..\wolfssl-3.15.7\wolfcrypt\src\sha256.c">
      <Filter>Source Files</Filter>
    </ClCompile>
    <ClCompile Include="..\..\wolfssl-3.15.7\wolfcrypt\src\sha512.c">
      <Filter>Source Files</Filter>
    </ClCompile>
    <ClCompile Include="..\..\wolfssl-3.15.7\src\sniffer.c">
      <Filter>Source Files</Filter>
    </ClCompile>
    <ClCompile Include="..\..\wolfssl-3.15.7\src\ssl.c">
      <Filter>Source Files</Filter>
    </ClCompile>
    <ClCompile Include="..\..\wolfssl-3.15.7\src\tls.c">
      <Filter>Source Files</Filter>
    </ClCompile>
    <ClCompile Include="..\..\wolfssl-3.15.7\wolfcrypt\src\wc_port.c">
      <Filter>Source Files</Filter>
    </ClCompile>
    <ClCompile Include="..\..\wolfssl-3.15.7\wolfcrypt\src\blake2b.c">
      <Filter>Source Files</Filter>
    </ClCompile>
    <ClCompile Include="..\..\wolfssl-3.15.7\wolfcrypt\src\camellia.c">
      <Filter>Source Files</Filter>
    </ClCompile>
    <ClCompile Include="..\..\wolfssl-3.15.7\wolfcrypt\src\hc128.c">
      <Filter>Source Files</Filter>
    </ClCompile>
    <ClCompile Include="..\..\wolfssl-3.15.7\wolfcrypt\src\md4.c">
      <Filter>Source Files</Filter>
    </ClCompile>
    <ClCompile Include="..\..\wolfssl-3.15.7\wolfcrypt\src\rabbit.c">
      <Filter>Source Files</Filter>
    </ClCompile>
    <ClCompile Include="..\..\wolfssl-3.15.7\wolfcrypt\src\ripemd.c">
      <Filter>Source Files</Filter>
    </ClCompile>
    <ClCompile Include="..\..\wolfssl-3.15.7\wolfcrypt\src\wc_encrypt.c">
      <Filter>Source Files</Filter>
    </ClCompile>
    <ClCompile Include="..\..\wolfssl-3.15.7\src\wolfio.c">
      <Filter>Source Files</Filter>
    </ClCompile>
    <ClCompile Include="..\..\wolfssl-3.15.7\wolfcrypt\src\wolfmath.c">
      <Filter>Source Files</Filter>
    </ClCompile>
    <ClCompile Include="..\..\wolfssl-3.15.7\src\tls13.c">
      <Filter>Source Files</Filter>
    </ClCompile>
  </ItemGroup>
</Project>